
Microsoft Visual Studio Solution File, Format Version 12.00
# Visual Studio Version 16
VisualStudioVersion = 16.0.32228.343
MinimumVisualStudioVersion = 10.0.40219.1
Project("{9A19103F-16F7-4668-BE54-9A1E7A4F7556}") = "ImageLibrary.Domain", "ImageLibrary.Domain\ImageLibrary.Domain.csproj", "{C6FDC4E1-0B28-48B4-91C9-529507BC4A52}"
EndProject
Project("{9A19103F-16F7-4668-BE54-9A1E7A4F7556}") = "ImageLibrary.Tests", "ImageLibrary.Tests\ImageLibrary.Tests.csproj", "{E35E51B1-8BD3-441A-ACD9-E8FE6303CDC4}"
EndProject
Project("{9A19103F-16F7-4668-BE54-9A1E7A4F7556}") = "ImageLibrary", "ImageLibrary\ImageLibrary.csproj", "{6B244012-0124-4389-B430-806D215BFC92}"
EndProject
Global
	GlobalSection(SolutionConfigurationPlatforms) = preSolution
		Debug|Any CPU = Debug|Any CPU
		Release|Any CPU = Release|Any CPU
	EndGlobalSection
	GlobalSection(ProjectConfigurationPlatforms) = postSolution
		{C6FDC4E1-0B28-48B4-91C9-529507BC4A52}.Debug|Any CPU.ActiveCfg = Debug|Any CPU
		{C6FDC4E1-0B28-48B4-91C9-529507BC4A52}.Debug|Any CPU.Build.0 = Debug|Any CPU
		{C6FDC4E1-0B28-48B4-91C9-529507BC4A52}.Release|Any CPU.ActiveCfg = Release|Any CPU
		{C6FDC4E1-0B28-48B4-91C9-529507BC4A52}.Release|Any CPU.Build.0 = Release|Any CPU
		{E35E51B1-8BD3-441A-ACD9-E8FE6303CDC4}.Debug|Any CPU.ActiveCfg = Debug|Any CPU
		{E35E51B1-8BD3-441A-ACD9-E8FE6303CDC4}.Debug|Any CPU.Build.0 = Debug|Any CPU
		{E35E51B1-8BD3-441A-ACD9-E8FE6303CDC4}.Release|Any CPU.ActiveCfg = Release|Any CPU
		{E35E51B1-8BD3-441A-ACD9-E8FE6303CDC4}.Release|Any CPU.Build.0 = Release|Any CPU
		{6B244012-0124-4389-B430-806D215BFC92}.Debug|Any CPU.ActiveCfg = Debug|Any CPU
		{6B244012-0124-4389-B430-806D215BFC92}.Debug|Any CPU.Build.0 = Debug|Any CPU
		{6B244012-0124-4389-B430-806D215BFC92}.Release|Any CPU.ActiveCfg = Release|Any CPU
		{6B244012-0124-4389-B430-806D215BFC92}.Release|Any CPU.Build.0 = Release|Any CPU
	EndGlobalSection
	GlobalSection(SolutionProperties) = preSolution
		HideSolutionNode = FALSE
	EndGlobalSection
	GlobalSection(ExtensibilityGlobals) = postSolution
		SolutionGuid = {F472EFD0-3666-4788-B198-0AEBB91A4DF9}
	EndGlobalSection
EndGlobal
